// !$*UTF8*$!
{
	archiveVersion = 1;
	classes = {
	};
	objectVersion = 46;
	objects = {

/* Begin PBXBuildFile section */
		416356BD1E8CC7320004EA9C /* main.m in Sources */ = {isa = PBXBuildFile; fileRef = 416356BC1E8CC7320004EA9C /* main.m */; };
		416356C01E8CC7320004EA9C /* AppDelegate.m in Sources */ = {isa = PBXBuildFile; fileRef = 416356BF1E8CC7320004EA9C /* AppDelegate.m */; };
		416356C31E8CC7320004EA9C /* ContactFormViewController.m in Sources */ = {isa = PBXBuildFile; fileRef = 416356C21E8CC7320004EA9C /* ContactFormViewController.m */; };
		416356C61E8CC7320004EA9C /* Main.storyboard in Resources */ = {isa = PBXBuildFile; fileRef = 416356C41E8CC7320004EA9C /* Main.storyboard */; };
		416356C81E8CC7320004EA9C /* Assets.xcassets in Resources */ = {isa = PBXBuildFile; fileRef = 416356C71E8CC7320004EA9C /* Assets.xcassets */; };
		416356CB1E8CC7320004EA9C /* LaunchScreen.storyboard in Resources */ = {isa = PBXBuildFile; fileRef = 416356C91E8CC7320004EA9C /* LaunchScreen.storyboard */; };
		416356D61E8CC7320004EA9C /* ContactsTests.m in Sources */ = {isa = PBXBuildFile; fileRef = 416356D51E8CC7320004EA9C /* ContactsTests.m */; };
		416356E11E8CC7320004EA9C /* ContactsUITests.m in Sources */ = {isa = PBXBuildFile; fileRef = 416356E01E8CC7320004EA9C /* ContactsUITests.m */; };
		416D432F1E8F0E71009F14A1 /* ContactFormCell.xib in Resources */ = {isa = PBXBuildFile; fileRef = 416D432E1E8F0E71009F14A1 /* ContactFormCell.xib */; };
		416D43321E8F0F20009F14A1 /* ContactFormCell.m in Sources */ = {isa = PBXBuildFile; fileRef = 416D43311E8F0F20009F14A1 /* ContactFormCell.m */; };
		416D43351E8F1FE6009F14A1 /* HeaderView.xib in Resources */ = {isa = PBXBuildFile; fileRef = 416D43341E8F1FE6009F14A1 /* HeaderView.xib */; };
		416D43381E8F23E0009F14A1 /* HeaderView.m in Sources */ = {isa = PBXBuildFile; fileRef = 416D43371E8F23E0009F14A1 /* HeaderView.m */; };
/* End PBXBuildFile section */

/* Begin PBXContainerItemProxy section */
		416356D21E8CC7320004EA9C /* PBXContainerItemProxy */ = {
			isa = PBXContainerItemProxy;
			containerPortal = 416356B01E8CC7310004EA9C /* Project object */;
			proxyType = 1;
			remoteGlobalIDString = 416356B71E8CC7320004EA9C;
			remoteInfo = Contacts;
		};
		416356DD1E8CC7320004EA9C /* PBXContainerItemProxy */ = {
			isa = PBXContainerItemProxy;
			containerPortal = 416356B01E8CC7310004EA9C /* Project object */;
			proxyType = 1;
			remoteGlobalIDString = 416356B71E8CC7320004EA9C;
			remoteInfo = Contacts;
		};
/* End PBXContainerItemProxy section */

/* Begin PBXFileReference section */
		416356B81E8CC7320004EA9C /* Contacts.app */ = {isa = PBXFileReference; explicitFileType = wrapper.application; includeInIndex = 0; path = Contacts.app; sourceTree = BUILT_PRODUCTS_DIR; };
		416356BC1E8CC7320004EA9C /* main.m */ = {isa = PBXFileReference; lastKnownFileType = sourcecode.c.objc; path = main.m; sourceTree = "<group>"; };
		416356BE1E8CC7320004EA9C /* AppDelegate.h */ = {isa = PBXFileReference; lastKnownFileType = sourcecode.c.h; path = AppDelegate.h; sourceTree = "<group>"; };
		416356BF1E8CC7320004EA9C /* AppDelegate.m */ = {isa = PBXFileReference; lastKnownFileType = sourcecode.c.objc; path = AppDelegate.m; sourceTree = "<group>"; };
		416356C11E8CC7320004EA9C /* ContactFormViewController.h */ = {isa = PBXFileReference; lastKnownFileType = sourcecode.c.h; path = ContactFormViewController.h; sourceTree = "<group>"; };
		416356C21E8CC7320004EA9C /* ContactFormViewController.m */ = {isa = PBXFileReference; lastKnownFileType = sourcecode.c.objc; path = ContactFormViewController.m; sourceTree = "<group>"; };
		416356C51E8CC7320004EA9C /* Base */ = {isa = PBXFileReference; lastKnownFileType = file.storyboard; name = Base; path = Base.lproj/Main.storyboard; sourceTree = "<group>"; };
		416356C71E8CC7320004EA9C /* Assets.xcassets */ = {isa = PBXFileReference; lastKnownFileType = folder.assetcatalog; path = Assets.xcassets; sourceTree = "<group>"; };
		416356CA1E8CC7320004EA9C /* Base */ = {isa = PBXFileReference; lastKnownFileType = file.storyboard; name = Base; path = Base.lproj/LaunchScreen.storyboard; sourceTree = "<group>"; };
		416356CC1E8CC7320004EA9C /* Info.plist */ = {isa = PBXFileReference; lastKnownFileType = text.plist.xml; path = Info.plist; sourceTree = "<group>"; };
		416356D11E8CC7320004EA9C /* ContactsTests.xctest */ = {isa = PBXFileReference; explicitFileType = wrapper.cfbundle; includeInIndex = 0; path = ContactsTests.xctest; sourceTree = BUILT_PRODUCTS_DIR; };
		416356D51E8CC7320004EA9C /* ContactsTests.m */ = {isa = PBXFileReference; lastKnownFileType = sourcecode.c.objc; path = ContactsTests.m; sourceTree = "<group>"; };
		416356D71E8CC7320004EA9C /* Info.plist */ = {isa = PBXFileReference; lastKnownFileType = text.plist.xml; path = Info.plist; sourceTree = "<group>"; };
		416356DC1E8CC7320004EA9C /* ContactsUITests.xctest */ = {isa = PBXFileReference; explicitFileType = wrapper.cfbundle; includeInIndex = 0; path = ContactsUITests.xctest; sourceTree = BUILT_PRODUCTS_DIR; };
		416356E01E8CC7320004EA9C /* ContactsUITests.m */ = {isa = PBXFileReference; lastKnownFileType = sourcecode.c.objc; path = ContactsUITests.m; sourceTree = "<group>"; };
		416356E21E8CC7320004EA9C /* Info.plist */ = {isa = PBXFileReference; lastKnownFileType = text.plist.xml; path = Info.plist; sourceTree = "<group>"; };
		416D432E1E8F0E71009F14A1 /* ContactFormCell.xib */ = {isa = PBXFileReference; fileEncoding = 4; lastKnownFileType = file.xib; path = ContactFormCell.xib; sourceTree = "<group>"; };
		416D43301E8F0F20009F14A1 /* ContactFormCell.h */ = {isa = PBXFileReference; fileEncoding = 4; lastKnownFileType = sourcecode.c.h; path = ContactFormCell.h; sourceTree = "<group>"; };
		416D43311E8F0F20009F14A1 /* ContactFormCell.m */ = {isa = PBXFileReference; fileEncoding = 4; lastKnownFileType = sourcecode.c.objc; path = ContactFormCell.m; sourceTree = "<group>"; };
		416D43341E8F1FE6009F14A1 /* HeaderView.xib */ = {isa = PBXFileReference; fileEncoding = 4; lastKnownFileType = file.xib; path = HeaderView.xib; sourceTree = "<group>"; };
		416D43361E8F23E0009F14A1 /* HeaderView.h */ = {isa = PBXFileReference; fileEncoding = 4; lastKnownFileType = sourcecode.c.h; path = HeaderView.h; sourceTree = "<group>"; };
		416D43371E8F23E0009F14A1 /* HeaderView.m */ = {isa = PBXFileReference; fileEncoding = 4; lastKnownFileType = sourcecode.c.objc; path = HeaderView.m; sourceTree = "<group>"; };
/* End PBXFileReference section */

/* Begin PBXFrameworksBuildPhase section */
		416356B51E8CC7320004EA9C /* Frameworks */ = {
			isa = PBXFrameworksBuildPhase;
			buildActionMask = 2147483647;
			files = (
			);
			runOnlyForDeploymentPostprocessing = 0;
		};
		416356CE1E8CC7320004EA9C /* Frameworks */ = {
			isa = PBXFrameworksBuildPhase;
			buildActionMask = 2147483647;
			files = (
			);
			runOnlyForDeploymentPostprocessing = 0;
		};
		416356D91E8CC7320004EA9C /* Frameworks */ = {
			isa = PBXFrameworksBuildPhase;
			buildActionMask = 2147483647;
			files = (
			);
			runOnlyForDeploymentPostprocessing = 0;
		};
/* End PBXFrameworksBuildPhase section */

/* Begin PBXGroup section */
		416356AF1E8CC7310004EA9C = {
			isa = PBXGroup;
			children = (
				416356BA1E8CC7320004EA9C /* Contacts */,
				416356D41E8CC7320004EA9C /* ContactsTests */,
				416356DF1E8CC7320004EA9C /* ContactsUITests */,
				416356B91E8CC7320004EA9C /* Products */,
			);
			sourceTree = "<group>";
		};
		416356B91E8CC7320004EA9C /* Products */ = {
			isa = PBXGroup;
			children = (
				416356B81E8CC7320004EA9C /* Contacts.app */,
				416356D11E8CC7320004EA9C /* ContactsTests.xctest */,
				416356DC1E8CC7320004EA9C /* ContactsUITests.xctest */,
			);
			name = Products;
			sourceTree = "<group>";
		};
		416356BA1E8CC7320004EA9C /* Contacts */ = {
			isa = PBXGroup;
			children = (
				416D432D1E8F0E54009F14A1 /* Cells */,
				416D43331E8F1FB4009F14A1 /* Views */,
				416356BE1E8CC7320004EA9C /* AppDelegate.h */,
				416356BF1E8CC7320004EA9C /* AppDelegate.m */,
				416356C11E8CC7320004EA9C /* ContactFormViewController.h */,
				416356C21E8CC7320004EA9C /* ContactFormViewController.m */,
				416356C41E8CC7320004EA9C /* Main.storyboard */,
				416356C71E8CC7320004EA9C /* Assets.xcassets */,
				416356C91E8CC7320004EA9C /* LaunchScreen.storyboard */,
				416356CC1E8CC7320004EA9C /* Info.plist */,
				416356BB1E8CC7320004EA9C /* Supporting Files */,
			);
			path = Contacts;
			sourceTree = "<group>";
		};
		416356BB1E8CC7320004EA9C /* Supporting Files */ = {
			isa = PBXGroup;
			children = (
				416356BC1E8CC7320004EA9C /* main.m */,
			);
			name = "Supporting Files";
			sourceTree = "<group>";
		};
		416356D41E8CC7320004EA9C /* ContactsTests */ = {
			isa = PBXGroup;
			children = (
				416356D51E8CC7320004EA9C /* ContactsTests.m */,
				416356D71E8CC7320004EA9C /* Info.plist */,
			);
			path = ContactsTests;
			sourceTree = "<group>";
		};
		416356DF1E8CC7320004EA9C /* ContactsUITests */ = {
			isa = PBXGroup;
			children = (
				416356E01E8CC7320004EA9C /* ContactsUITests.m */,
				416356E21E8CC7320004EA9C /* Info.plist */,
			);
			path = ContactsUITests;
			sourceTree = "<group>";
		};
		416D432D1E8F0E54009F14A1 /* Cells */ = {
			isa = PBXGroup;
			children = (
				416D432E1E8F0E71009F14A1 /* ContactFormCell.xib */,
				416D43301E8F0F20009F14A1 /* ContactFormCell.h */,
				416D43311E8F0F20009F14A1 /* ContactFormCell.m */,
			);
			name = Cells;
			sourceTree = "<group>";
		};
		416D43331E8F1FB4009F14A1 /* Views */ = {
			isa = PBXGroup;
			children = (
				416D43341E8F1FE6009F14A1 /* HeaderView.xib */,
				416D43361E8F23E0009F14A1 /* HeaderView.h */,
				416D43371E8F23E0009F14A1 /* HeaderView.m */,
			);
			name = Views;
			sourceTree = "<group>";
		};
/* End PBXGroup section */

/* Begin PBXNativeTarget section */
		416356B71E8CC7320004EA9C /* Contacts */ = {
			isa = PBXNativeTarget;
			buildConfigurationList = 416356E51E8CC7320004EA9C /* Build configuration list for PBXNativeTarget "Contacts" */;
			buildPhases = (
				416356B41E8CC7320004EA9C /* Sources */,
				416356B51E8CC7320004EA9C /* Frameworks */,
				416356B61E8CC7320004EA9C /* Resources */,
			);
			buildRules = (
			);
			dependencies = (
			);
			name = Contacts;
			productName = Contacts;
			productReference = 416356B81E8CC7320004EA9C /* Contacts.app */;
			productType = "com.apple.product-type.application";
		};
		416356D01E8CC7320004EA9C /* ContactsTests */ = {
			isa = PBXNativeTarget;
			buildConfigurationList = 416356E81E8CC7320004EA9C /* Build configuration list for PBXNativeTarget "ContactsTests" */;
			buildPhases = (
				416356CD1E8CC7320004EA9C /* Sources */,
				416356CE1E8CC7320004EA9C /* Frameworks */,
				416356CF1E8CC7320004EA9C /* Resources */,
			);
			buildRules = (
			);
			dependencies = (
				416356D31E8CC7320004EA9C /* PBXTargetDependency */,
			);
			name = ContactsTests;
			productName = ContactsTests;
			productReference = 416356D11E8CC7320004EA9C /* ContactsTests.xctest */;
			productType = "com.apple.product-type.bundle.unit-test";
		};
		416356DB1E8CC7320004EA9C /* ContactsUITests */ = {
			isa = PBXNativeTarget;
			buildConfigurationList = 416356EB1E8CC7320004EA9C /* Build configuration list for PBXNativeTarget "ContactsUITests" */;
			buildPhases = (
				416356D81E8CC7320004EA9C /* Sources */,
				416356D91E8CC7320004EA9C /* Frameworks */,
				416356DA1E8CC7320004EA9C /* Resources */,
			);
			buildRules = (
			);
			dependencies = (
				416356DE1E8CC7320004EA9C /* PBXTargetDependency */,
			);
			name = ContactsUITests;
			productName = ContactsUITests;
			productReference = 416356DC1E8CC7320004EA9C /* ContactsUITests.xctest */;
			productType = "com.apple.product-type.bundle.ui-testing";
		};
/* End PBXNativeTarget section */

/* Begin PBXProject section */
		416356B01E8CC7310004EA9C /* Project object */ = {
			isa = PBXProject;
			attributes = {
				LastUpgradeCheck = 0820;
				ORGANIZATIONNAME = "Praveen Pendyala";
				TargetAttributes = {
					416356B71E8CC7320004EA9C = {
						CreatedOnToolsVersion = 8.2.1;
						DevelopmentTeam = E6W4NZ53P8;
						ProvisioningStyle = Automatic;
					};
					416356D01E8CC7320004EA9C = {
						CreatedOnToolsVersion = 8.2.1;
						ProvisioningStyle = Automatic;
						TestTargetID = 416356B71E8CC7320004EA9C;
					};
					416356DB1E8CC7320004EA9C = {
						CreatedOnToolsVersion = 8.2.1;
						ProvisioningStyle = Automatic;
						TestTargetID = 416356B71E8CC7320004EA9C;
					};
				};
			};
			buildConfigurationList = 416356B31E8CC7310004EA9C /* Build configuration list for PBXProject "Contacts" */;
			compatibilityVersion = "Xcode 3.2";
			developmentRegion = English;
			hasScannedForEncodings = 0;
			knownRegions = (
				en,
				Base,
			);
			mainGroup = 416356AF1E8CC7310004EA9C;
			productRefGroup = 416356B91E8CC7320004EA9C /* Products */;
			projectDirPath = "";
			projectRoot = "";
			targets = (
				416356B71E8CC7320004EA9C /* Contacts */,
				416356D01E8CC7320004EA9C /* ContactsTests */,
				416356DB1E8CC7320004EA9C /* ContactsUITests */,
			);
		};
/* End PBXProject section */

/* Begin PBXResourcesBuildPhase section */
		416356B61E8CC7320004EA9C /* Resources */ = {
			isa = PBXResourcesBuildPhase;
			buildActionMask = 2147483647;
			files = (
				416D432F1E8F0E71009F14A1 /* ContactFormCell.xib in Resources */,
				416D43351E8F1FE6009F14A1 /* HeaderView.xib in Resources */,
				416356CB1E8CC7320004EA9C /* LaunchScreen.storyboard in Resources */,
				416356C81E8CC7320004EA9C /* Assets.xcassets in Resources */,
				416356C61E8CC7320004EA9C /* Main.storyboard in Resources */,
			);
			runOnlyForDeploymentPostprocessing = 0;
		};
		416356CF1E8CC7320004EA9C /* Resources */ = {
			isa = PBXResourcesBuildPhase;
			buildActionMask = 2147483647;
			files = (
			);
			runOnlyForDeploymentPostprocessing = 0;
		};
		416356DA1E8CC7320004EA9C /* Resources */ = {
			isa = PBXResourcesBuildPhase;
			buildActionMask = 2147483647;
			files = (
			);
			runOnlyForDeploymentPostprocessing = 0;
		};
/* End PBXResourcesBuildPhase section */

/* Begin PBXSourcesBuildPhase section */
		416356B41E8CC7320004EA9C /* Sources */ = {
			isa = PBXSourcesBuildPhase;
			buildActionMask = 2147483647;
			files = (
				416D43381E8F23E0009F14A1 /* HeaderView.m in Sources */,
				416D43321E8F0F20009F14A1 /* ContactFormCell.m in Sources */,
				416356C31E8CC7320004EA9C /* ContactFormViewController.m in Sources */,
				416356C01E8CC7320004EA9C /* AppDelegate.m in Sources */,
				416356BD1E8CC7320004EA9C /* main.m in Sources */,
			);
			runOnlyForDeploymentPostprocessing = 0;
		};
		416356CD1E8CC7320004EA9C /* Sources */ = {
			isa = PBXSourcesBuildPhase;
			buildActionMask = 2147483647;
			files = (
				416356D61E8CC7320004EA9C /* ContactsTests.m in Sources */,
			);
			runOnlyForDeploymentPostprocessing = 0;
		};
		416356D81E8CC7320004EA9C /* Sources */ = {
			isa = PBXSourcesBuildPhase;
			buildActionMask = 2147483647;
			files = (
				416356E11E8CC7320004EA9C /* ContactsUITests.m in Sources */,
			);
			runOnlyForDeploymentPostprocessing = 0;
		};
/* End PBXSourcesBuildPhase section */

/* Begin PBXTargetDependency section */
		416356D31E8CC7320004EA9C /* PBXTargetDependency */ = {
			isa = PBXTargetDependency;
			target = 416356B71E8CC7320004EA9C /* Contacts */;
			targetProxy = 416356D21E8CC7320004EA9C /* PBXContainerItemProxy */;
		};
		416356DE1E8CC7320004EA9C /* PBXTargetDependency */ = {
			isa = PBXTargetDependency;
			target = 416356B71E8CC7320004EA9C /* Contacts */;
			targetProxy = 416356DD1E8CC7320004EA9C /* PBXContainerItemProxy */;
		};
/* End PBXTargetDependency section */

/* Begin PBXVariantGroup section */
		416356C41E8CC7320004EA9C /* Main.storyboard */ = {
			isa = PBXVariantGroup;
			children = (
				416356C51E8CC7320004EA9C /* Base */,
			);
			name = Main.storyboard;
			sourceTree = "<group>";
		};
		416356C91E8CC7320004EA9C /* LaunchScreen.storyboard */ = {
			isa = PBXVariantGroup;
			children = (
				416356CA1E8CC7320004EA9C /* Base */,
			);
			name = LaunchScreen.storyboard;
			sourceTree = "<group>";
		};
/* End PBXVariantGroup section */

/* Begin XCBuildConfiguration section */
		416356E31E8CC7320004EA9C /* Debug */ = {
			isa = XCBuildConfiguration;
			buildSettings = {
				ALWAYS_SEARCH_USER_PATHS = NO;
				CLANG_ANALYZER_NONNULL = YES;
				CLANG_CXX_LANGUAGE_STANDARD = "gnu++0x";
				CLANG_CXX_LIBRARY = "libc++";
				CLANG_ENABLE_MODULES = YES;
				CLANG_ENABLE_OBJC_ARC = YES;
				CLANG_WARN_BOOL_CONVERSION = YES;
				CLANG_WARN_CONSTANT_CONVERSION = YES;
				CLANG_WARN_DIRECT_OBJC_ISA_USAGE = YES_ERROR;
				CLANG_WARN_DOCUMENTATION_COMMENTS = YES;
				CLANG_WARN_EMPTY_BODY = YES;
				CLANG_WARN_ENUM_CONVERSION = YES;
				CLANG_WARN_INFINITE_RECURSION = YES;
				CLANG_WARN_INT_CONVERSION = YES;
				CLANG_WARN_OBJC_ROOT_CLASS = YES_ERROR;
				CLANG_WARN_SUSPICIOUS_MOVE = YES;
				CLANG_WARN_UNREACHABLE_CODE = YES;
				CLANG_WARN__DUPLICATE_METHOD_MATCH = YES;
				"CODE_SIGN_IDENTITY[sdk=iphoneos*]" = "iPhone Developer";
				COPY_PHASE_STRIP = NO;
				DEBUG_INFORMATION_FORMAT = dwarf;
				ENABLE_STRICT_OBJC_MSGSEND = YES;
				ENABLE_TESTABILITY = YES;
				GCC_C_LANGUAGE_STANDARD = gnu99;
				GCC_DYNAMIC_NO_PIC = NO;
				GCC_NO_COMMON_BLOCKS = YES;
				GCC_OPTIMIZATION_LEVEL = 0;
				GCC_PREPROCESSOR_DEFINITIONS = (
					"DEBUG=1",
					"$(inherited)",
				);
				GCC_WARN_64_TO_32_BIT_CONVERSION = YES;
				GCC_WARN_ABOUT_RETURN_TYPE = YES_ERROR;
				GCC_WARN_UNDECLARED_SELECTOR = YES;
				GCC_WARN_UNINITIALIZED_AUTOS = YES_AGGRESSIVE;
				GCC_WARN_UNUSED_FUNCTION = YES;
				GCC_WARN_UNUSED_VARIABLE = YES;
				IPHONEOS_DEPLOYMENT_TARGET = 10.2;
				MTL_ENABLE_DEBUG_INFO = YES;
				ONLY_ACTIVE_ARCH = YES;
				SDKROOT = iphoneos;
				TARGETED_DEVICE_FAMILY = "1,2";
			};
			name = Debug;
		};
		416356E41E8CC7320004EA9C /* Release */ = {
			isa = XCBuildConfiguration;
			buildSettings = {
				ALWAYS_SEARCH_USER_PATHS = NO;
				CLANG_ANALYZER_NONNULL = YES;
				CLANG_CXX_LANGUAGE_STANDARD = "gnu++0x";
				CLANG_CXX_LIBRARY = "libc++";
				CLANG_ENABLE_MODULES = YES;
				CLANG_ENABLE_OBJC_ARC = YES;
				CLANG_WARN_BOOL_CONVERSION = YES;
				CLANG_WARN_CONSTANT_CONVERSION = YES;
				CLANG_WARN_DIRECT_OBJC_ISA_USAGE = YES_ERROR;
				CLANG_WARN_DOCUMENTATION_COMMENTS = YES;
				CLANG_WARN_EMPTY_BODY = YES;
				CLANG_WARN_ENUM_CONVERSION = YES;
				CLANG_WARN_INFINITE_RECURSION = YES;
				CLANG_WARN_INT_CONVERSION = YES;
				CLANG_WARN_OBJC_ROOT_CLASS = YES_ERROR;
				CLANG_WARN_SUSPICIOUS_MOVE = YES;
				CLANG_WARN_UNREACHABLE_CODE = YES;
				CLANG_WARN__DUPLICATE_METHOD_MATCH = YES;
				"CODE_SIGN_IDENTITY[sdk=iphoneos*]" = "iPhone Developer";
				COPY_PHASE_STRIP = NO;
				DEBUG_INFORMATION_FORMAT = "dwarf-with-dsym";
				ENABLE_NS_ASSERTIONS = NO;
				ENABLE_STRICT_OBJC_MSGSEND = YES;
				GCC_C_LANGUAGE_STANDARD = gnu99;
				GCC_NO_COMMON_BLOCKS = YES;
				GCC_WARN_64_TO_32_BIT_CONVERSION = YES;
				GCC_WARN_ABOUT_RETURN_TYPE = YES_ERROR;
				GCC_WARN_UNDECLARED_SELECTOR = YES;
				GCC_WARN_UNINITIALIZED_AUTOS = YES_AGGRESSIVE;
				GCC_WARN_UNUSED_FUNCTION = YES;
				GCC_WARN_UNUSED_VARIABLE = YES;
				IPHONEOS_DEPLOYMENT_TARGET = 10.2;
				MTL_ENABLE_DEBUG_INFO = NO;
				SDKROOT = iphoneos;
				TARGETED_DEVICE_FAMILY = "1,2";
				VALIDATE_PRODUCT = YES;
			};
			name = Release;
		};
		416356E61E8CC7320004EA9C /* Debug */ = {
			isa = XCBuildConfiguration;
			buildSettings = {
				ASSETCATALOG_COMPILER_APPICON_NAME = AppIcon;
				DEVELOPMENT_TEAM = E6W4NZ53P8;
				INFOPLIST_FILE = Contacts/Info.plist;
				LD_RUNPATH_SEARCH_PATHS = "$(inherited) @executable_path/Frameworks";
				PRODUCT_BUNDLE_IDENTIFIER = com.praveenpendyala.Contacts;
				PRODUCT_NAME = "$(TARGET_NAME)";
			};
			name = Debug;
		};
		416356E71E8CC7320004EA9C /* Release */ = {
			isa = XCBuildConfiguration;
			buildSettings = {
				ASSETCATALOG_COMPILER_APPICON_NAME = AppIcon;
				DEVELOPMENT_TEAM = E6W4NZ53P8;
				INFOPLIST_FILE = Contacts/Info.plist;
				LD_RUNPATH_SEARCH_PATHS = "$(inherited) @executable_path/Frameworks";
				PRODUCT_BUNDLE_IDENTIFIER = com.praveenpendyala.Contacts;
				PRODUCT_NAME = "$(TARGET_NAME)";
			};
			name = Release;
		};
		416356E91E8CC7320004EA9C /* Debug */ = {
			isa = XCBuildConfiguration;
			buildSettings = {
				BUNDLE_LOADER = "$(TEST_HOST)";
				INFOPLIST_FILE = ContactsTests/Info.plist;
				LD_RUNPATH_SEARCH_PATHS = "$(inherited) @executable_path/Frameworks @loader_path/Frameworks";
				PRODUCT_BUNDLE_IDENTIFIER = com.praveenpendyala.ContactsTests;
				PRODUCT_NAME = "$(TARGET_NAME)";
				TEST_HOST = "$(BUILT_PRODUCTS_DIR)/Contacts.app/Contacts";
			};
			name = Debug;
		};
		416356EA1E8CC7320004EA9C /* Release */ = {
			isa = XCBuildConfiguration;
			buildSettings = {
				BUNDLE_LOADER = "$(TEST_HOST)";
				INFOPLIST_FILE = ContactsTests/Info.plist;
				LD_RUNPATH_SEARCH_PATHS = "$(inherited) @executable_path/Frameworks @loader_path/Frameworks";
				PRODUCT_BUNDLE_IDENTIFIER = com.praveenpendyala.ContactsTests;
				PRODUCT_NAME = "$(TARGET_NAME)";
				TEST_HOST = "$(BUILT_PRODUCTS_DIR)/Contacts.app/Contacts";
			};
			name = Release;
		};
		416356EC1E8CC7320004EA9C /* Debug */ = {
			isa = XCBuildConfiguration;
			buildSettings = {
				INFOPLIST_FILE = ContactsUITests/Info.plist;
				LD_RUNPATH_SEARCH_PATHS = "$(inherited) @executable_path/Frameworks @loader_path/Frameworks";
				PRODUCT_BUNDLE_IDENTIFIER = com.praveenpendyala.ContactsUITests;
				PRODUCT_NAME = "$(TARGET_NAME)";
				TEST_TARGET_NAME = Contacts;
			};
			name = Debug;
		};
		416356ED1E8CC7320004EA9C /* Release */ = {
			isa = XCBuildConfiguration;
			buildSettings = {
				INFOPLIST_FILE = ContactsUITests/Info.plist;
				LD_RUNPATH_SEARCH_PATHS = "$(inherited) @executable_path/Frameworks @loader_path/Frameworks";
				PRODUCT_BUNDLE_IDENTIFIER = com.praveenpendyala.ContactsUITests;
				PRODUCT_NAME = "$(TARGET_NAME)";
				TEST_TARGET_NAME = Contacts;
			};
			name = Release;
		};
/* End XCBuildConfiguration section */

/* Begin XCConfigurationList section */
		416356B31E8CC7310004EA9C /* Build configuration list for PBXProject "Contacts" */ = {
			isa = XCConfigurationList;
			buildConfigurations = (
				416356E31E8CC7320004EA9C /* Debug */,
				416356E41E8CC7320004EA9C /* Release */,
			);
			defaultConfigurationIsVisible = 0;
			defaultConfigurationName = Release;
		};
		416356E51E8CC7320004EA9C /* Build configuration list for PBXNativeTarget "Contacts" */ = {
			isa = XCConfigurationList;
			buildConfigurations = (
				416356E61E8CC7320004EA9C /* Debug */,
				416356E71E8CC7320004EA9C /* Release */,
			);
			defaultConfigurationIsVisible = 0;
			defaultConfigurationName = Release;
		};
		416356E81E8CC7320004EA9C /* Build configuration list for PBXNativeTarget "ContactsTests" */ = {
			isa = XCConfigurationList;
			buildConfigurations = (
				416356E91E8CC7320004EA9C /* Debug */,
				416356EA1E8CC7320004EA9C /* Release */,
			);
			defaultConfigurationIsVisible = 0;
			defaultConfigurationName = Release;
		};
		416356EB1E8CC7320004EA9C /* Build configuration list for PBXNativeTarget "ContactsUITests" */ = {
			isa = XCConfigurationList;
			buildConfigurations = (
				416356EC1E8CC7320004EA9C /* Debug */,
				416356ED1E8CC7320004EA9C /* Release */,
			);
			defaultConfigurationIsVisible = 0;
			defaultConfigurationName = Release;
		};
/* End XCConfigurationList section */
	};
	rootObject = 416356B01E8CC7310004EA9C /* Project object */;
}
